
Microsoft Visual Studio Solution File, Format Version 12.00
# Visual Studio Version 16
VisualStudioVersion = 16.0.29911.84
MinimumVisualStudioVersion = 10.0.40219.1
Project("{9A19103F-16F7-4668-BE54-9A1E7A4F7556}") = "ObzervrProgrammingTest", "ObzervrProgrammingTest.csproj", "{687052BB-5835-4335-945B-0934A1651499}"
EndProject
Project("{FAE04EC0-301F-11D3-BF4B-00C04F79EFBC}") = "ObzervrProgrammingTest.Tests", "..\ObzervrProgrammingTest.Tests\ObzervrProgrammingTest.Tests.csproj", "{797DF8FA-F4A7-43B7-9C41-CC139CFD822E}"
EndProject
Global
	GlobalSection(SolutionConfigurationPlatforms) = preSolution
		Debug|Any CPU = Debug|Any CPU
		Release|Any CPU = Release|Any CPU
	EndGlobalSection
	GlobalSection(ProjectConfigurationPlatforms) = postSolution
		{687052BB-5835-4335-945B-0934A1651499}.Debug|Any CPU.ActiveCfg = Debug|Any CPU
		{687052BB-5835-4335-945B-0934A1651499}.Debug|Any CPU.Build.0 = Debug|Any CPU
		{687052BB-5835-4335-945B-0934A1651499}.Release|Any CPU.ActiveCfg = Release|Any CPU
		{687052BB-5835-4335-945B-0934A1651499}.Release|Any CPU.Build.0 = Release|Any CPU
		{797DF8FA-F4A7-43B7-9C41-CC139CFD822E}.Debug|Any CPU.ActiveCfg = Debug|Any CPU
		{797DF8FA-F4A7-43B7-9C41-CC139CFD822E}.Debug|Any CPU.Build.0 = Debug|Any CPU
		{797DF8FA-F4A7-43B7-9C41-CC139CFD822E}.Release|Any CPU.ActiveCfg = Release|Any CPU
		{797DF8FA-F4A7-43B7-9C41-CC139CFD822E}.Release|Any CPU.Build.0 = Release|Any CPU
	EndGlobalSection
	GlobalSection(SolutionProperties) = preSolution
		HideSolutionNode = FALSE
	EndGlobalSection
	GlobalSection(ExtensibilityGlobals) = postSolution
		SolutionGuid = {FBDEB147-F725-47D0-B076-66B88C829F43}
	EndGlobalSection
EndGlobal
